
Microsoft Visual Studio Solution File, Format Version 12.00
# Visual Studio Version 16
VisualStudioVersion = 16.0.31911.196
MinimumVisualStudioVersion = 10.0.40219.1
Project("{FAE04EC0-301F-11D3-BF4B-00C04F79EFBC}") = "Задание 9 Обработка исключений", "Задание 9 Обработка исключений\Задание 9 Обработка исключений.csproj", "{F56AA3FF-8953-4DDF-B9BA-E6DB0D7C8EFB}"
EndProject
Global
	GlobalSection(SolutionConfigurationPlatforms) = preSolution
		Debug|Any CPU = Debug|Any CPU
		Release|Any CPU = Release|Any CPU
	EndGlobalSection
	GlobalSection(ProjectConfigurationPlatforms) = postSolution
		{F56AA3FF-8953-4DDF-B9BA-E6DB0D7C8EFB}.Debug|Any CPU.ActiveCfg = Debug|Any CPU
		{F56AA3FF-8953-4DDF-B9BA-E6DB0D7C8EFB}.Debug|Any CPU.Build.0 = Debug|Any CPU
		{F56AA3FF-8953-4DDF-B9BA-E6DB0D7C8EFB}.Release|Any CPU.ActiveCfg = Release|Any CPU
		{F56AA3FF-8953-4DDF-B9BA-E6DB0D7C8EFB}.Release|Any CPU.Build.0 = Release|Any CPU
	EndGlobalSection
	GlobalSection(SolutionProperties) = preSolution
		HideSolutionNode = FALSE
	EndGlobalSection
	GlobalSection(ExtensibilityGlobals) = postSolution
		SolutionGuid = {51AB1A2A-8191-4F3F-A707-9CF915FCD9A4}
	EndGlobalSection
EndGlobal
